
Microsoft Visual Studio Solution File, Format Version 12.00
# Visual Studio Version 17
VisualStudioVersion = 17.14.36811.4
MinimumVisualStudioVersion = 10.0.40219.1
Project("{FAE04EC0-301F-11D3-BF4B-00C04F79EFBC}") = "MegaEcommerce.API", "MegaEcommerce.API\MegaEcommerce.API.csproj", "{AAB9E623-4DB7-410F-B69A-F7337B2F62A6}"
EndProject
Project("{FAE04EC0-301F-11D3-BF4B-00C04F79EFBC}") = "MegaEcommerce.Domain", "MegaEcommerce.Domain\MegaEcommerce.Domain.csproj", "{03D79C2E-1BB7-79D7-3774-D42291877E86}"
EndProject
Project("{FAE04EC0-301F-11D3-BF4B-00C04F79EFBC}") = "MegaEcommerce.Infrastructure", "MegaEcommerce.Infrastructure\MegaEcommerce.Infrastructure.csproj", "{4330A677-E58E-AA57-EC37-EB3EF2FD57B9}"
EndProject
Project("{FAE04EC0-301F-11D3-BF4B-00C04F79EFBC}") = "MegaEcommerce.Application", "MegaEcommerce.Application\MegaEcommerce.Application.csproj", "{8194E8D4-6FAF-4C2D-BEED-805FFC7A56D9}"
EndProject
Global
	GlobalSection(SolutionConfigurationPlatforms) = preSolution
		Debug|Any CPU = Debug|Any CPU
		Release|Any CPU = Release|Any CPU
	EndGlobalSection
	GlobalSection(ProjectConfigurationPlatforms) = postSolution
		{AAB9E623-4DB7-410F-B69A-F7337B2F62A6}.Debug|Any CPU.ActiveCfg = Debug|Any CPU
		{AAB9E623-4DB7-410F-B69A-F7337B2F62A6}.Debug|Any CPU.Build.0 = Debug|Any CPU
		{AAB9E623-4DB7-410F-B69A-F7337B2F62A6}.Release|Any CPU.ActiveCfg = Release|Any CPU
		{AAB9E623-4DB7-410F-B69A-F7337B2F62A6}.Release|Any CPU.Build.0 = Release|Any CPU
		{03D79C2E-1BB7-79D7-3774-D42291877E86}.Debug|Any CPU.ActiveCfg = Debug|Any CPU
		{03D79C2E-1BB7-79D7-3774-D42291877E86}.Debug|Any CPU.Build.0 = Debug|Any CPU
		{03D79C2E-1BB7-79D7-3774-D42291877E86}.Release|Any CPU.ActiveCfg = Release|Any CPU
		{03D79C2E-1BB7-79D7-3774-D42291877E86}.Release|Any CPU.Build.0 = Release|Any CPU
		{4330A677-E58E-AA57-EC37-EB3EF2FD57B9}.Debug|Any CPU.ActiveCfg = Debug|Any CPU
		{4330A677-E58E-AA57-EC37-EB3EF2FD57B9}.Debug|Any CPU.Build.0 = Debug|Any CPU
		{4330A677-E58E-AA57-EC37-EB3EF2FD57B9}.Release|Any CPU.ActiveCfg = Release|Any CPU
		{4330A677-E58E-AA57-EC37-EB3EF2FD57B9}.Release|Any CPU.Build.0 = Release|Any CPU
		{8194E8D4-6FAF-4C2D-BEED-805FFC7A56D9}.Debug|Any CPU.ActiveCfg = Debug|Any CPU
		{8194E8D4-6FAF-4C2D-BEED-805FFC7A56D9}.Debug|Any CPU.Build.0 = Debug|Any CPU
		{8194E8D4-6FAF-4C2D-BEED-805FFC7A56D9}.Release|Any CPU.ActiveCfg = Release|Any CPU
		{8194E8D4-6FAF-4C2D-BEED-805FFC7A56D9}.Release|Any CPU.Build.0 = Release|Any CPU
	EndGlobalSection
	GlobalSection(SolutionProperties) = preSolution
		HideSolutionNode = FALSE
	EndGlobalSection
	GlobalSection(ExtensibilityGlobals) = postSolution
		SolutionGuid = {905579B0-032C-46ED-8168-B8AE5C8FA2C9}
	EndGlobalSection
EndGlobal
